
Microsoft Visual Studio Solution File, Format Version 12.00
# Visual Studio Version 17
VisualStudioVersion = 17.0.31903.59
MinimumVisualStudioVersion = 10.0.40219.1
Project("{FAE04EC0-301F-11D3-BF4B-00C04F79EFBC}") = "WishfulClaw.Contracts", "WishfulClaw.Contracts\WishfulClaw.Contracts.csproj", "{274C4053-9CDB-4743-A817-F6449527636B}"
EndProject
Project("{FAE04EC0-301F-11D3-BF4B-00C04F79EFBC}") = "WishfulClaw.Core", "WishfulClaw.Core\WishfulClaw.Core.csproj", "{7BAE19A2-8AA3-4375-8E08-B25E082391AC}"
EndProject
Project("{FAE04EC0-301F-11D3-BF4B-00C04F79EFBC}") = "WishfulClaw.Workspace", "WishfulClaw.Workspace\WishfulClaw.Workspace.csproj", "{DC74242E-1114-4FC8-B10D-E9697CAB2ACB}"
EndProject
Project("{FAE04EC0-301F-11D3-BF4B-00C04F79EFBC}") = "WishfulClaw.Worker", "WishfulClaw.Worker\WishfulClaw.Worker.csproj", "{3AF51E67-40C5-4FB5-BCDA-F99C3727F445}"
EndProject
Project("{FAE04EC0-301F-11D3-BF4B-00C04F79EFBC}") = "WishfulClaw.Agent", "WishfulClaw.Agent\WishfulClaw.Agent.csproj", "{4912AA09-3B0F-4175-979C-E56D4ACDCBF8}"
EndProject
Project("{FAE04EC0-301F-11D3-BF4B-00C04F79EFBC}") = "WishfulClaw.Persona", "WishfulClaw.Persona\WishfulClaw.Persona.csproj", "{6061D1E5-32F4-4290-BE17-A4257FCA86BE}"
EndProject
Project("{FAE04EC0-301F-11D3-BF4B-00C04F79EFBC}") = "WishfulClaw.Infrastructure", "WishfulClaw.Infrastructure\WishfulClaw.Infrastructure.csproj", "{410C37DF-25F8-4632-BEFD-AD4312B2B414}"
EndProject
Project("{FAE04EC0-301F-11D3-BF4B-00C04F79EFBC}") = "WishfulClaw.GoalRegressionTests", "..\..\tests\WishfulClaw.GoalRegressionTests\WishfulClaw.GoalRegressionTests.csproj", "{ACC8DF68-F0CF-4E84-A68B-CE7420231871}"
EndProject
Project("{FAE04EC0-301F-11D3-BF4B-00C04F79EFBC}") = "WishfulClaw.CodeGraph", "WishfulClaw.CodeGraph\WishfulClaw.CodeGraph.csproj", "{770F9908-15D6-4F36-AABB-8B0FE6A658B5}"
EndProject
Project("{FAE04EC0-301F-11D3-BF4B-00C04F79EFBC}") = "WishfulClaw.CompactionSnapshotRegressionTests", "..\..\tests\WishfulClaw.CompactionSnapshotRegressionTests\WishfulClaw.CompactionSnapshotRegressionTests.csproj", "{38928155-DC27-444C-AAB6-247D8DEED36E}"
EndProject
Project("{FAE04EC0-301F-11D3-BF4B-00C04F79EFBC}") = "WishfulClaw.SessionTaskCascadeRegressionTests", "..\..\tests\WishfulClaw.SessionTaskCascadeRegressionTests\WishfulClaw.SessionTaskCascadeRegressionTests.csproj", "{B1632617-DD07-43E1-8F0A-A5BCAD8B977D}"
EndProject
Project("{FAE04EC0-301F-11D3-BF4B-00C04F79EFBC}") = "WishfulClaw.ToolConcurrencyRegressionTests", "..\..\tests\WishfulClaw.ToolConcurrencyRegressionTests\WishfulClaw.ToolConcurrencyRegressionTests.csproj", "{9B7D2D4A-5F1E-4D9A-AE4B-6D6B7C8F2A10}"
EndProject
Global
	GlobalSection(SolutionConfigurationPlatforms) = preSolution
		Debug|Any CPU = Debug|Any CPU
		Debug|x64 = Debug|x64
		Debug|x86 = Debug|x86
		Release|Any CPU = Release|Any CPU
		Release|x64 = Release|x64
		Release|x86 = Release|x86
	EndGlobalSection
	GlobalSection(ProjectConfigurationPlatforms) = postSolution
		{274C4053-9CDB-4743-A817-F6449527636B}.Debug|Any CPU.ActiveCfg = Debug|Any CPU
		{274C4053-9CDB-4743-A817-F6449527636B}.Debug|Any CPU.Build.0 = Debug|Any CPU
		{274C4053-9CDB-4743-A817-F6449527636B}.Debug|x64.ActiveCfg = Debug|Any CPU
		{274C4053-9CDB-4743-A817-F6449527636B}.Debug|x64.Build.0 = Debug|Any CPU
		{274C4053-9CDB-4743-A817-F6449527636B}.Debug|x86.ActiveCfg = Debug|Any CPU
		{274C4053-9CDB-4743-A817-F6449527636B}.Debug|x86.Build.0 = Debug|Any CPU
		{274C4053-9CDB-4743-A817-F6449527636B}.Release|Any CPU.ActiveCfg = Release|Any CPU
		{274C4053-9CDB-4743-A817-F6449527636B}.Release|Any CPU.Build.0 = Release|Any CPU
		{274C4053-9CDB-4743-A817-F6449527636B}.Release|x64.ActiveCfg = Release|Any CPU
		{274C4053-9CDB-4743-A817-F6449527636B}.Release|x64.Build.0 = Release|Any CPU
		{274C4053-9CDB-4743-A817-F6449527636B}.Release|x86.ActiveCfg = Release|Any CPU
		{274C4053-9CDB-4743-A817-F6449527636B}.Release|x86.Build.0 = Release|Any CPU
		{7BAE19A2-8AA3-4375-8E08-B25E082391AC}.Debug|Any CPU.ActiveCfg = Debug|Any CPU
		{7BAE19A2-8AA3-4375-8E08-B25E082391AC}.Debug|Any CPU.Build.0 = Debug|Any CPU
		{7BAE19A2-8AA3-4375-8E08-B25E082391AC}.Debug|x64.ActiveCfg = Debug|Any CPU
		{7BAE19A2-8AA3-4375-8E08-B25E082391AC}.Debug|x64.Build.0 = Debug|Any CPU
		{7BAE19A2-8AA3-4375-8E08-B25E082391AC}.Debug|x86.ActiveCfg = Debug|Any CPU
		{7BAE19A2-8AA3-4375-8E08-B25E082391AC}.Debug|x86.Build.0 = Debug|Any CPU
		{7BAE19A2-8AA3-4375-8E08-B25E082391AC}.Release|Any CPU.ActiveCfg = Release|Any CPU
		{7BAE19A2-8AA3-4375-8E08-B25E082391AC}.Release|Any CPU.Build.0 = Release|Any CPU
		{7BAE19A2-8AA3-4375-8E08-B25E082391AC}.Release|x64.ActiveCfg = Release|Any CPU
		{7BAE19A2-8AA3-4375-8E08-B25E082391AC}.Release|x64.Build.0 = Release|Any CPU
		{7BAE19A2-8AA3-4375-8E08-B25E082391AC}.Release|x86.ActiveCfg = Release|Any CPU
		{7BAE19A2-8AA3-4375-8E08-B25E082391AC}.Release|x86.Build.0 = Release|Any CPU
		{DC74242E-1114-4FC8-B10D-E9697CAB2ACB}.Debug|Any CPU.ActiveCfg = Debug|Any CPU
		{DC74242E-1114-4FC8-B10D-E9697CAB2ACB}.Debug|Any CPU.Build.0 = Debug|Any CPU
		{DC74242E-1114-4FC8-B10D-E9697CAB2ACB}.Debug|x64.ActiveCfg = Debug|Any CPU
		{DC74242E-1114-4FC8-B10D-E9697CAB2ACB}.Debug|x64.Build.0 = Debug|Any CPU
		{DC74242E-1114-4FC8-B10D-E9697CAB2ACB}.Debug|x86.ActiveCfg = Debug|Any CPU
		{DC74242E-1114-4FC8-B10D-E9697CAB2ACB}.Debug|x86.Build.0 = Debug|Any CPU
		{DC74242E-1114-4FC8-B10D-E9697CAB2ACB}.Release|Any CPU.ActiveCfg = Release|Any CPU
		{DC74242E-1114-4FC8-B10D-E9697CAB2ACB}.Release|Any CPU.Build.0 = Release|Any CPU
		{DC74242E-1114-4FC8-B10D-E9697CAB2ACB}.Release|x64.ActiveCfg = Release|Any CPU
		{DC74242E-1114-4FC8-B10D-E9697CAB2ACB}.Release|x64.Build.0 = Release|Any CPU
		{DC74242E-1114-4FC8-B10D-E9697CAB2ACB}.Release|x86.ActiveCfg = Release|Any CPU
		{DC74242E-1114-4FC8-B10D-E9697CAB2ACB}.Release|x86.Build.0 = Release|Any CPU
		{3AF51E67-40C5-4FB5-BCDA-F99C3727F445}.Debug|Any CPU.ActiveCfg = Debug|Any CPU
		{3AF51E67-40C5-4FB5-BCDA-F99C3727F445}.Debug|Any CPU.Build.0 = Debug|Any CPU
		{3AF51E67-40C5-4FB5-BCDA-F99C3727F445}.Debug|x64.ActiveCfg = Debug|Any CPU
		{3AF51E67-40C5-4FB5-BCDA-F99C3727F445}.Debug|x64.Build.0 = Debug|Any CPU
		{3AF51E67-40C5-4FB5-BCDA-F99C3727F445}.Debug|x86.ActiveCfg = Debug|Any CPU
		{3AF51E67-40C5-4FB5-BCDA-F99C3727F445}.Debug|x86.Build.0 = Debug|Any CPU
		{3AF51E67-40C5-4FB5-BCDA-F99C3727F445}.Release|Any CPU.ActiveCfg = Release|Any CPU
		{3AF51E67-40C5-4FB5-BCDA-F99C3727F445}.Release|Any CPU.Build.0 = Release|Any CPU
		{3AF51E67-40C5-4FB5-BCDA-F99C3727F445}.Release|x64.ActiveCfg = Release|Any CPU
		{3AF51E67-40C5-4FB5-BCDA-F99C3727F445}.Release|x64.Build.0 = Release|Any CPU
		{3AF51E67-40C5-4FB5-BCDA-F99C3727F445}.Release|x86.ActiveCfg = Release|Any CPU
		{3AF51E67-40C5-4FB5-BCDA-F99C3727F445}.Release|x86.Build.0 = Release|Any CPU
		{4912AA09-3B0F-4175-979C-E56D4ACDCBF8}.Debug|Any CPU.ActiveCfg = Debug|Any CPU
		{4912AA09-3B0F-4175-979C-E56D4ACDCBF8}.Debug|Any CPU.Build.0 = Debug|Any CPU
		{4912AA09-3B0F-4175-979C-E56D4ACDCBF8}.Debug|x64.ActiveCfg = Debug|Any CPU
		{4912AA09-3B0F-4175-979C-E56D4ACDCBF8}.Debug|x64.Build.0 = Debug|Any CPU
		{4912AA09-3B0F-4175-979C-E56D4ACDCBF8}.Debug|x86.ActiveCfg = Debug|Any CPU
		{4912AA09-3B0F-4175-979C-E56D4ACDCBF8}.Debug|x86.Build.0 = Debug|Any CPU
		{4912AA09-3B0F-4175-979C-E56D4ACDCBF8}.Release|Any CPU.ActiveCfg = Release|Any CPU
		{4912AA09-3B0F-4175-979C-E56D4ACDCBF8}.Release|Any CPU.Build.0 = Release|Any CPU
		{4912AA09-3B0F-4175-979C-E56D4ACDCBF8}.Release|x64.ActiveCfg = Release|Any CPU
		{4912AA09-3B0F-4175-979C-E56D4ACDCBF8}.Release|x64.Build.0 = Release|Any CPU
		{4912AA09-3B0F-4175-979C-E56D4ACDCBF8}.Release|x86.ActiveCfg = Release|Any CPU
		{4912AA09-3B0F-4175-979C-E56D4ACDCBF8}.Release|x86.Build.0 = Release|Any CPU
		{6061D1E5-32F4-4290-BE17-A4257FCA86BE}.Debug|Any CPU.ActiveCfg = Debug|Any CPU
		{6061D1E5-32F4-4290-BE17-A4257FCA86BE}.Debug|Any CPU.Build.0 = Debug|Any CPU
		{6061D1E5-32F4-4290-BE17-A4257FCA86BE}.Debug|x64.ActiveCfg = Debug|Any CPU
		{6061D1E5-32F4-4290-BE17-A4257FCA86BE}.Debug|x64.Build.0 = Debug|Any CPU
		{6061D1E5-32F4-4290-BE17-A4257FCA86BE}.Debug|x86.ActiveCfg = Debug|Any CPU
		{6061D1E5-32F4-4290-BE17-A4257FCA86BE}.Debug|x86.Build.0 = Debug|Any CPU
		{6061D1E5-32F4-4290-BE17-A4257FCA86BE}.Release|Any CPU.ActiveCfg = Release|Any CPU
		{6061D1E5-32F4-4290-BE17-A4257FCA86BE}.Release|Any CPU.Build.0 = Release|Any CPU
		{6061D1E5-32F4-4290-BE17-A4257FCA86BE}.Release|x64.ActiveCfg = Release|Any CPU
		{6061D1E5-32F4-4290-BE17-A4257FCA86BE}.Release|x64.Build.0 = Release|Any CPU
		{6061D1E5-32F4-4290-BE17-A4257FCA86BE}.Release|x86.ActiveCfg = Release|Any CPU
		{6061D1E5-32F4-4290-BE17-A4257FCA86BE}.Release|x86.Build.0 = Release|Any CPU
		{410C37DF-25F8-4632-BEFD-AD4312B2B414}.Debug|Any CPU.ActiveCfg = Debug|Any CPU
		{410C37DF-25F8-4632-BEFD-AD4312B2B414}.Debug|Any CPU.Build.0 = Debug|Any CPU
		{410C37DF-25F8-4632-BEFD-AD4312B2B414}.Debug|x64.ActiveCfg = Debug|Any CPU
		{410C37DF-25F8-4632-BEFD-AD4312B2B414}.Debug|x64.Build.0 = Debug|Any CPU
		{410C37DF-25F8-4632-BEFD-AD4312B2B414}.Debug|x86.ActiveCfg = Debug|Any CPU
		{410C37DF-25F8-4632-BEFD-AD4312B2B414}.Debug|x86.Build.0 = Debug|Any CPU
		{410C37DF-25F8-4632-BEFD-AD4312B2B414}.Release|Any CPU.ActiveCfg = Release|Any CPU
		{410C37DF-25F8-4632-BEFD-AD4312B2B414}.Release|Any CPU.Build.0 = Release|Any CPU
		{410C37DF-25F8-4632-BEFD-AD4312B2B414}.Release|x64.ActiveCfg = Release|Any CPU
		{410C37DF-25F8-4632-BEFD-AD4312B2B414}.Release|x64.Build.0 = Release|Any CPU
		{410C37DF-25F8-4632-BEFD-AD4312B2B414}.Release|x86.ActiveCfg = Release|Any CPU
		{410C37DF-25F8-4632-BEFD-AD4312B2B414}.Release|x86.Build.0 = Release|Any CPU
		{ACC8DF68-F0CF-4E84-A68B-CE7420231871}.Debug|Any CPU.ActiveCfg = Debug|Any CPU
		{ACC8DF68-F0CF-4E84-A68B-CE7420231871}.Debug|Any CPU.Build.0 = Debug|Any CPU
		{ACC8DF68-F0CF-4E84-A68B-CE7420231871}.Debug|x64.ActiveCfg = Debug|Any CPU
		{ACC8DF68-F0CF-4E84-A68B-CE7420231871}.Debug|x64.Build.0 = Debug|Any CPU
		{ACC8DF68-F0CF-4E84-A68B-CE7420231871}.Debug|x86.ActiveCfg = Debug|Any CPU
		{ACC8DF68-F0CF-4E84-A68B-CE7420231871}.Debug|x86.Build.0 = Debug|Any CPU
		{ACC8DF68-F0CF-4E84-A68B-CE7420231871}.Release|Any CPU.ActiveCfg = Release|Any CPU
		{ACC8DF68-F0CF-4E84-A68B-CE7420231871}.Release|Any CPU.Build.0 = Release|Any CPU
		{ACC8DF68-F0CF-4E84-A68B-CE7420231871}.Release|x64.ActiveCfg = Release|Any CPU
		{ACC8DF68-F0CF-4E84-A68B-CE7420231871}.Release|x64.Build.0 = Release|Any CPU
		{ACC8DF68-F0CF-4E84-A68B-CE7420231871}.Release|x86.ActiveCfg = Release|Any CPU
		{ACC8DF68-F0CF-4E84-A68B-CE7420231871}.Release|x86.Build.0 = Release|Any CPU
		{770F9908-15D6-4F36-AABB-8B0FE6A658B5}.Debug|Any CPU.ActiveCfg = Debug|Any CPU
		{770F9908-15D6-4F36-AABB-8B0FE6A658B5}.Debug|Any CPU.Build.0 = Debug|Any CPU
		{770F9908-15D6-4F36-AABB-8B0FE6A658B5}.Debug|x64.ActiveCfg = Debug|Any CPU
		{770F9908-15D6-4F36-AABB-8B0FE6A658B5}.Debug|x64.Build.0 = Debug|Any CPU
		{770F9908-15D6-4F36-AABB-8B0FE6A658B5}.Debug|x86.ActiveCfg = Debug|Any CPU
		{770F9908-15D6-4F36-AABB-8B0FE6A658B5}.Debug|x86.Build.0 = Debug|Any CPU
		{770F9908-15D6-4F36-AABB-8B0FE6A658B5}.Release|Any CPU.ActiveCfg = Release|Any CPU
		{770F9908-15D6-4F36-AABB-8B0FE6A658B5}.Release|Any CPU.Build.0 = Release|Any CPU
		{770F9908-15D6-4F36-AABB-8B0FE6A658B5}.Release|x64.ActiveCfg = Release|Any CPU
		{770F9908-15D6-4F36-AABB-8B0FE6A658B5}.Release|x64.Build.0 = Release|Any CPU
		{770F9908-15D6-4F36-AABB-8B0FE6A658B5}.Release|x86.ActiveCfg = Release|Any CPU
		{770F9908-15D6-4F36-AABB-8B0FE6A658B5}.Release|x86.Build.0 = Release|Any CPU
		{38928155-DC27-444C-AAB6-247D8DEED36E}.Debug|Any CPU.ActiveCfg = Debug|Any CPU
		{38928155-DC27-444C-AAB6-247D8DEED36E}.Debug|Any CPU.Build.0 = Debug|Any CPU
		{38928155-DC27-444C-AAB6-247D8DEED36E}.Debug|x64.ActiveCfg = Debug|Any CPU
		{38928155-DC27-444C-AAB6-247D8DEED36E}.Debug|x64.Build.0 = Debug|Any CPU
		{38928155-DC27-444C-AAB6-247D8DEED36E}.Debug|x86.ActiveCfg = Debug|Any CPU
		{38928155-DC27-444C-AAB6-247D8DEED36E}.Debug|x86.Build.0 = Debug|Any CPU
		{38928155-DC27-444C-AAB6-247D8DEED36E}.Release|Any CPU.ActiveCfg = Release|Any CPU
		{38928155-DC27-444C-AAB6-247D8DEED36E}.Release|Any CPU.Build.0 = Release|Any CPU
		{38928155-DC27-444C-AAB6-247D8DEED36E}.Release|x64.ActiveCfg = Release|Any CPU
		{38928155-DC27-444C-AAB6-247D8DEED36E}.Release|x64.Build.0 = Release|Any CPU
		{38928155-DC27-444C-AAB6-247D8DEED36E}.Release|x86.ActiveCfg = Release|Any CPU
		{38928155-DC27-444C-AAB6-247D8DEED36E}.Release|x86.Build.0 = Release|Any CPU
		{B1632617-DD07-43E1-8F0A-A5BCAD8B977D}.Debug|Any CPU.ActiveCfg = Debug|Any CPU
		{B1632617-DD07-43E1-8F0A-A5BCAD8B977D}.Debug|Any CPU.Build.0 = Debug|Any CPU
		{B1632617-DD07-43E1-8F0A-A5BCAD8B977D}.Debug|x64.ActiveCfg = Debug|Any CPU
		{B1632617-DD07-43E1-8F0A-A5BCAD8B977D}.Debug|x64.Build.0 = Debug|Any CPU
		{B1632617-DD07-43E1-8F0A-A5BCAD8B977D}.Debug|x86.ActiveCfg = Debug|Any CPU
		{B1632617-DD07-43E1-8F0A-A5BCAD8B977D}.Debug|x86.Build.0 = Debug|Any CPU
		{B1632617-DD07-43E1-8F0A-A5BCAD8B977D}.Release|Any CPU.ActiveCfg = Release|Any CPU
		{B1632617-DD07-43E1-8F0A-A5BCAD8B977D}.Release|Any CPU.Build.0 = Release|Any CPU
		{B1632617-DD07-43E1-8F0A-A5BCAD8B977D}.Release|x64.ActiveCfg = Release|Any CPU
		{B1632617-DD07-43E1-8F0A-A5BCAD8B977D}.Release|x64.Build.0 = Release|Any CPU
		{B1632617-DD07-43E1-8F0A-A5BCAD8B977D}.Release|x86.ActiveCfg = Release|Any CPU
		{B1632617-DD07-43E1-8F0A-A5BCAD8B977D}.Release|x86.Build.0 = Release|Any CPU
		{9B7D2D4A-5F1E-4D9A-AE4B-6D6B7C8F2A10}.Debug|Any CPU.ActiveCfg = Debug|Any CPU
		{9B7D2D4A-5F1E-4D9A-AE4B-6D6B7C8F2A10}.Debug|Any CPU.Build.0 = Debug|Any CPU
		{9B7D2D4A-5F1E-4D9A-AE4B-6D6B7C8F2A10}.Debug|x64.ActiveCfg = Debug|Any CPU
		{9B7D2D4A-5F1E-4D9A-AE4B-6D6B7C8F2A10}.Debug|x64.Build.0 = Debug|Any CPU
		{9B7D2D4A-5F1E-4D9A-AE4B-6D6B7C8F2A10}.Debug|x86.ActiveCfg = Debug|Any CPU
		{9B7D2D4A-5F1E-4D9A-AE4B-6D6B7C8F2A10}.Debug|x86.Build.0 = Debug|Any CPU
		{9B7D2D4A-5F1E-4D9A-AE4B-6D6B7C8F2A10}.Release|Any CPU.ActiveCfg = Release|Any CPU
		{9B7D2D4A-5F1E-4D9A-AE4B-6D6B7C8F2A10}.Release|Any CPU.Build.0 = Release|Any CPU
		{9B7D2D4A-5F1E-4D9A-AE4B-6D6B7C8F2A10}.Release|x64.ActiveCfg = Release|Any CPU
		{9B7D2D4A-5F1E-4D9A-AE4B-6D6B7C8F2A10}.Release|x64.Build.0 = Release|Any CPU
		{9B7D2D4A-5F1E-4D9A-AE4B-6D6B7C8F2A10}.Release|x86.ActiveCfg = Release|Any CPU
		{9B7D2D4A-5F1E-4D9A-AE4B-6D6B7C8F2A10}.Release|x86.Build.0 = Release|Any CPU
	EndGlobalSection
	GlobalSection(SolutionProperties) = preSolution
		HideSolutionNode = FALSE
	EndGlobalSection
EndGlobal
